// !$*UTF8*$!
{
	archiveVersion = 1;
	classes = {
	};
	objectVersion = 46;
	objects = {

/* Begin PBXBuildFile section */
		602F0DC21E5C88C00019090D /* main.m in Sources */ = {isa = PBXBuildFile; fileRef = 602F0DC11E5C88C00019090D /* main.m */; };
		602F0DC51E5C88C00019090D /* AppDelegate.m in Sources */ = {isa = PBXBuildFile; fileRef = 602F0DC41E5C88C00019090D /* AppDelegate.m */; };
		602F0DC81E5C88C00019090D /* ViewController.m in Sources */ = {isa = PBXBuildFile; fileRef = 602F0DC71E5C88C00019090D /* ViewController.m */; };
		602F0DCB1E5C88C00019090D /* Main.storyboard in Resources */ = {isa = PBXBuildFile; fileRef = 602F0DC91E5C88C00019090D /* Main.storyboard */; };
		602F0DCD1E5C88C00019090D /* Assets.xcassets in Resources */ = {isa = PBXBuildFile; fileRef = 602F0DCC1E5C88C00019090D /* Assets.xcassets */; };
		602F0DD01E5C88C00019090D /* LaunchScreen.storyboard in Resources */ = {isa = PBXBuildFile; fileRef = 602F0DCE1E5C88C00019090D /* LaunchScreen.storyboard */; };
		602F0DD81E5C8CAF0019090D /* VersionTesting.plist in Resources */ = {isa = PBXBuildFile; fileRef = 602F0DD71E5C8CAF0019090D /* VersionTesting.plist */; };
/* End PBXBuildFile section */

/* Begin PBXFileReference section */
		602F0DBD1E5C88C00019090D /* IconInfo.app */ = {isa = PBXFileReference; explicitFileType = wrapper.application; includeInIndex = 0; path = IconInfo.app; sourceTree = BUILT_PRODUCTS_DIR; };
		602F0DC11E5C88C00019090D /* main.m */ = {isa = PBXFileReference; lastKnownFileType = sourcecode.c.objc; path = main.m; sourceTree = "<group>"; };
		602F0DC31E5C88C00019090D /* AppDelegate.h */ = {isa = PBXFileReference; lastKnownFileType = sourcecode.c.h; path = AppDelegate.h; sourceTree = "<group>"; };
		602F0DC41E5C88C00019090D /* AppDelegate.m */ = {isa = PBXFileReference; lastKnownFileType = sourcecode.c.objc; path = AppDelegate.m; sourceTree = "<group>"; };
		602F0DC61E5C88C00019090D /* ViewController.h */ = {isa = PBXFileReference; lastKnownFileType = sourcecode.c.h; path = ViewController.h; sourceTree = "<group>"; };
		602F0DC71E5C88C00019090D /* ViewController.m */ = {isa = PBXFileReference; lastKnownFileType = sourcecode.c.objc; path = ViewController.m; sourceTree = "<group>"; };
		602F0DCA1E5C88C00019090D /* Base */ = {isa = PBXFileReference; lastKnownFileType = file.storyboard; name = Base; path = Base.lproj/Main.storyboard; sourceTree = "<group>"; };
		602F0DCC1E5C88C00019090D /* Assets.xcassets */ = {isa = PBXFileReference; lastKnownFileType = folder.assetcatalog; path = Assets.xcassets; sourceTree = "<group>"; };
		602F0DCF1E5C88C00019090D /* Base */ = {isa = PBXFileReference; lastKnownFileType = file.storyboard; name = Base; path = Base.lproj/LaunchScreen.storyboard; sourceTree = "<group>"; };
		602F0DD11E5C88C00019090D /* Info.plist */ = {isa = PBXFileReference; lastKnownFileType = text.plist.xml; path = Info.plist; sourceTree = "<group>"; };
		602F0DD71E5C8CAF0019090D /* VersionTesting.plist */ = {isa = PBXFileReference; fileEncoding = 4; lastKnownFileType = text.plist.xml; path = VersionTesting.plist; sourceTree = "<group>"; };
/* End PBXFileReference section */

/* Begin PBXFrameworksBuildPhase section */
		602F0DBA1E5C88C00019090D /* Frameworks */ = {
			isa = PBXFrameworksBuildPhase;
			buildActionMask = 2147483647;
			files = (
			);
			runOnlyForDeploymentPostprocessing = 0;
		};
/* End PBXFrameworksBuildPhase section */

/* Begin PBXGroup section */
		602F0DB41E5C88C00019090D = {
			isa = PBXGroup;
			children = (
				602F0DBF1E5C88C00019090D /* IconInfo */,
				602F0DBE1E5C88C00019090D /* Products */,
			);
			sourceTree = "<group>";
		};
		602F0DBE1E5C88C00019090D /* Products */ = {
			isa = PBXGroup;
			children = (
				602F0DBD1E5C88C00019090D /* IconInfo.app */,
			);
			name = Products;
			sourceTree = "<group>";
		};
		602F0DBF1E5C88C00019090D /* IconInfo */ = {
			isa = PBXGroup;
			children = (
				602F0DC31E5C88C00019090D /* AppDelegate.h */,
				602F0DC41E5C88C00019090D /* AppDelegate.m */,
				602F0DC61E5C88C00019090D /* ViewController.h */,
				602F0DC71E5C88C00019090D /* ViewController.m */,
				602F0DC91E5C88C00019090D /* Main.storyboard */,
				602F0DCC1E5C88C00019090D /* Assets.xcassets */,
				602F0DCE1E5C88C00019090D /* LaunchScreen.storyboard */,
				602F0DD11E5C88C00019090D /* Info.plist */,
				602F0DD71E5C8CAF0019090D /* VersionTesting.plist */,
				602F0DC01E5C88C00019090D /* Supporting Files */,
			);
			path = IconInfo;
			sourceTree = "<group>";
		};
		602F0DC01E5C88C00019090D /* Supporting Files */ = {
			isa = PBXGroup;
			children = (
				602F0DC11E5C88C00019090D /* main.m */,
			);
			name = "Supporting Files";
			sourceTree = "<group>";
		};
/* End PBXGroup section */

/* Begin PBXNativeTarget section */
		602F0DBC1E5C88C00019090D /* IconInfo */ = {
			isa = PBXNativeTarget;
			buildConfigurationList = 602F0DD41E5C88C00019090D /* Build configuration list for PBXNativeTarget "IconInfo" */;
			buildPhases = (
				602F0DB91E5C88C00019090D /* Sources */,
				602F0DBA1E5C88C00019090D /* Frameworks */,
				602F0DBB1E5C88C00019090D /* Resources */,
				602F0DD91E5C8EF80019090D /* ShellScript */,
			);
			buildRules = (
			);
			dependencies = (
			);
			name = IconInfo;
			productName = IconInfo;
			productReference = 602F0DBD1E5C88C00019090D /* IconInfo.app */;
			productType = "com.apple.product-type.application";
		};
/* End PBXNativeTarget section */

/* Begin PBXProject section */
		602F0DB51E5C88C00019090D /* Project object */ = {
			isa = PBXProject;
			attributes = {
				LastUpgradeCheck = 0820;
				ORGANIZATIONNAME = wangsean;
				TargetAttributes = {
					602F0DBC1E5C88C00019090D = {
						CreatedOnToolsVersion = 8.2.1;
						DevelopmentTeam = UN929ZP5RZ;
						ProvisioningStyle = Automatic;
					};
				};
			};
			buildConfigurationList = 602F0DB81E5C88C00019090D /* Build configuration list for PBXProject "IconInfo" */;
			compatibilityVersion = "Xcode 3.2";
			developmentRegion = English;
			hasScannedForEncodings = 0;
			knownRegions = (
				en,
				Base,
			);
			mainGroup = 602F0DB41E5C88C00019090D;
			productRefGroup = 602F0DBE1E5C88C00019090D /* Products */;
			projectDirPath = "";
			projectRoot = "";
			targets = (
				602F0DBC1E5C88C00019090D /* IconInfo */,
			);
		};
/* End PBXProject section */

/* Begin PBXResourcesBuildPhase section */
		602F0DBB1E5C88C00019090D /* Resources */ = {
			isa = PBXResourcesBuildPhase;
			buildActionMask = 2147483647;
			files = (
				602F0DD01E5C88C00019090D /* LaunchScreen.storyboard in Resources */,
				602F0DCD1E5C88C00019090D /* Assets.xcassets in Resources */,
				602F0DD81E5C8CAF0019090D /* VersionTesting.plist in Resources */,
				602F0DCB1E5C88C00019090D /* Main.storyboard in Resources */,
			);
			runOnlyForDeploymentPostprocessing = 0;
		};
/* End PBXResourcesBuildPhase section */

/* Begin PBXShellScriptBuildPhase section */
		602F0DD91E5C8EF80019090D /* ShellScript */ = {
			isa = PBXShellScriptBuildPhase;
			buildActionMask = 2147483647;
			files = (
			);
			inputPaths = (
			);
			outputPaths = (
			);
			runOnlyForDeploymentPostprocessing = 0;
			shellPath = /bin/sh;
			shellScript = "\"${SRCROOT}/Scripts/iconVersioning.sh\"";
		};
/* End PBXShellScriptBuildPhase section */

/* Begin PBXSourcesBuildPhase section */
		602F0DB91E5C88C00019090D /* Sources */ = {
			isa = PBXSourcesBuildPhase;
			buildActionMask = 2147483647;
			files = (
				602F0DC81E5C88C00019090D /* ViewController.m in Sources */,
				602F0DC51E5C88C00019090D /* AppDelegate.m in Sources */,
				602F0DC21E5C88C00019090D /* main.m in Sources */,
			);
			runOnlyForDeploymentPostprocessing = 0;
		};
/* End PBXSourcesBuildPhase section */

/* Begin PBXVariantGroup section */
		602F0DC91E5C88C00019090D /* Main.storyboard */ = {
			isa = PBXVariantGroup;
			children = (
				602F0DCA1E5C88C00019090D /* Base */,
			);
			name = Main.storyboard;
			sourceTree = "<group>";
		};
		602F0DCE1E5C88C00019090D /* LaunchScreen.storyboard */ = {
			isa = PBXVariantGroup;
			children = (
				602F0DCF1E5C88C00019090D /* Base */,
			);
			name = LaunchScreen.storyboard;
			sourceTree = "<group>";
		};
/* End PBXVariantGroup section */

/* Begin XCBuildConfiguration section */
		602F0DD21E5C88C00019090D /* Debug */ = {
			isa = XCBuildConfiguration;
			buildSettings = {
				ALWAYS_SEARCH_USER_PATHS = NO;
				CLANG_ANALYZER_NONNULL = YES;
				CLANG_CXX_LANGUAGE_STANDARD = "gnu++0x";
				CLANG_CXX_LIBRARY = "libc++";
				CLANG_ENABLE_MODULES = YES;
				CLANG_ENABLE_OBJC_ARC = YES;
				CLANG_WARN_BOOL_CONVERSION = YES;
				CLANG_WARN_CONSTANT_CONVERSION = YES;
				CLANG_WARN_DIRECT_OBJC_ISA_USAGE = YES_ERROR;
				CLANG_WARN_DOCUMENTATION_COMMENTS = YES;
				CLANG_WARN_EMPTY_BODY = YES;
				CLANG_WARN_ENUM_CONVERSION = YES;
				CLANG_WARN_INFINITE_RECURSION = YES;
				CLANG_WARN_INT_CONVERSION = YES;
				CLANG_WARN_OBJC_ROOT_CLASS = YES_ERROR;
				CLANG_WARN_SUSPICIOUS_MOVE = YES;
				CLANG_WARN_UNREACHABLE_CODE = YES;
				CLANG_WARN__DUPLICATE_METHOD_MATCH = YES;
				"CODE_SIGN_IDENTITY[sdk=iphoneos*]" = "iPhone Developer";
				COPY_PHASE_STRIP = NO;
				DEBUG_INFORMATION_FORMAT = dwarf;
				ENABLE_STRICT_OBJC_MSGSEND = YES;
				ENABLE_TESTABILITY = YES;
				GCC_C_LANGUAGE_STANDARD = gnu99;
				GCC_DYNAMIC_NO_PIC = NO;
				GCC_NO_COMMON_BLOCKS = YES;
				GCC_OPTIMIZATION_LEVEL = 0;
				GCC_PREPROCESSOR_DEFINITIONS = (
					"DEBUG=1",
					"$(inherited)",
				);
				GCC_WARN_64_TO_32_BIT_CONVERSION = YES;
				GCC_WARN_ABOUT_RETURN_TYPE = YES_ERROR;
				GCC_WARN_UNDECLARED_SELECTOR = YES;
				GCC_WARN_UNINITIALIZED_AUTOS = YES_AGGRESSIVE;
				GCC_WARN_UNUSED_FUNCTION = YES;
				GCC_WARN_UNUSED_VARIABLE = YES;
				IPHONEOS_DEPLOYMENT_TARGET = 10.2;
				MTL_ENABLE_DEBUG_INFO = YES;
				ONLY_ACTIVE_ARCH = YES;
				SDKROOT = iphoneos;
			};
			name = Debug;
		};
		602F0DD31E5C88C00019090D /* Release */ = {
			isa = XCBuildConfiguration;
			buildSettings = {
				ALWAYS_SEARCH_USER_PATHS = NO;
				CLANG_ANALYZER_NONNULL = YES;
				CLANG_CXX_LANGUAGE_STANDARD = "gnu++0x";
				CLANG_CXX_LIBRARY = "libc++";
				CLANG_ENABLE_MODULES = YES;
				CLANG_ENABLE_OBJC_ARC = YES;
				CLANG_WARN_BOOL_CONVERSION = YES;
				CLANG_WARN_CONSTANT_CONVERSION = YES;
				CLANG_WARN_DIRECT_OBJC_ISA_USAGE = YES_ERROR;
				CLANG_WARN_DOCUMENTATION_COMMENTS = YES;
				CLANG_WARN_EMPTY_BODY = YES;
				CLANG_WARN_ENUM_CONVERSION = YES;
				CLANG_WARN_INFINITE_RECURSION = YES;
				CLANG_WARN_INT_CONVERSION = YES;
				CLANG_WARN_OBJC_ROOT_CLASS = YES_ERROR;
				CLANG_WARN_SUSPICIOUS_MOVE = YES;
				CLANG_WARN_UNREACHABLE_CODE = YES;
				CLANG_WARN__DUPLICATE_METHOD_MATCH = YES;
				"CODE_SIGN_IDENTITY[sdk=iphoneos*]" = "iPhone Developer";
				COPY_PHASE_STRIP = NO;
				DEBUG_INFORMATION_FORMAT = "dwarf-with-dsym";
				ENABLE_NS_ASSERTIONS = NO;
				ENABLE_STRICT_OBJC_MSGSEND = YES;
				GCC_C_LANGUAGE_STANDARD = gnu99;
				GCC_NO_COMMON_BLOCKS = YES;
				GCC_WARN_64_TO_32_BIT_CONVERSION = YES;
				GCC_WARN_ABOUT_RETURN_TYPE = YES_ERROR;
				GCC_WARN_UNDECLARED_SELECTOR = YES;
				GCC_WARN_UNINITIALIZED_AUTOS = YES_AGGRESSIVE;
				GCC_WARN_UNUSED_FUNCTION = YES;
				GCC_WARN_UNUSED_VARIABLE = YES;
				IPHONEOS_DEPLOYMENT_TARGET = 10.2;
				MTL_ENABLE_DEBUG_INFO = NO;
				SDKROOT = iphoneos;
				VALIDATE_PRODUCT = YES;
			};
			name = Release;
		};
		602F0DD51E5C88C00019090D /* Debug */ = {
			isa = XCBuildConfiguration;
			buildSettings = {
				ASSETCATALOG_COMPILER_APPICON_NAME = AppIcon;
				DEVELOPMENT_TEAM = UN929ZP5RZ;
				INFOPLIST_FILE = IconInfo/Info.plist;
				LD_RUNPATH_SEARCH_PATHS = "$(inherited) @executable_path/Frameworks";
				PRODUCT_BUNDLE_IDENTIFIER = com.sean.IconInfo3003;
				PRODUCT_NAME = "$(TARGET_NAME)";
			};
			name = Debug;
		};
		602F0DD61E5C88C00019090D /* Release */ = {
			isa = XCBuildConfiguration;
			buildSettings = {
				ASSETCATALOG_COMPILER_APPICON_NAME = AppIcon;
				DEVELOPMENT_TEAM = UN929ZP5RZ;
				INFOPLIST_FILE = IconInfo/Info.plist;
				LD_RUNPATH_SEARCH_PATHS = "$(inherited) @executable_path/Frameworks";
				PRODUCT_BUNDLE_IDENTIFIER = com.sean.IconInfo3003;
				PRODUCT_NAME = "$(TARGET_NAME)";
			};
			name = Release;
		};
/* End XCBuildConfiguration section */

/* Begin XCConfigurationList section */
		602F0DB81E5C88C00019090D /* Build configuration list for PBXProject "IconInfo" */ = {
			isa = XCConfigurationList;
			buildConfigurations = (
				602F0DD21E5C88C00019090D /* Debug */,
				602F0DD31E5C88C00019090D /* Release */,
			);
			defaultConfigurationIsVisible = 0;
			defaultConfigurationName = Release;
		};
		602F0DD41E5C88C00019090D /* Build configuration list for PBXNativeTarget "IconInfo" */ = {
			isa = XCConfigurationList;
			buildConfigurations = (
				602F0DD51E5C88C00019090D /* Debug */,
				602F0DD61E5C88C00019090D /* Release */,
			);
			defaultConfigurationIsVisible = 0;
			defaultConfigurationName = Release;
		};
/* End XCConfigurationList section */
	};
	rootObject = 602F0DB51E5C88C00019090D /* Project object */;
}
